{
  "name": "Pro",
  "lockfileVersion": 3,
  "requires": true,
  "packages": {
    "": {
      "dependencies": {
        "opossum": "^9.0.0"
      }
    },
    "node_modules/opossum": {
      "version": "9.0.0",
      "resolved": "https://registry.npmjs.org/opossum/-/opossum-9.0.0.tgz",
      "integrity": "sha512-K76U0QkxOfUZamneQuzz+AP0fyfTJcCplZ2oZL93nxeupuJbN4s6uFNbmVCt4eWqqGqRnnowdFuBicJ1fLMVxw==",
      "license": "Apache-2.0",
      "engines": {
        "node": "^24 || ^22 || ^20"
      }
    }
  }
}
